
Microsoft Visual Studio Solution File, Format Version 12.00
# Visual Studio Version 17
VisualStudioVersion = 17.0.32014.148
MinimumVisualStudioVersion = 10.0.40219.1
Project("{FAE04EC0-301F-11D3-BF4B-00C04F79EFBC}") = "Market.Api", "Market.Api\Market.Api.csproj", "{6C435F98-BF42-47C1-9013-3B9D149699B8}"
EndProject
Project("{FAE04EC0-301F-11D3-BF4B-00C04F79EFBC}") = "Markek.Service", "Markek.Service\Markek.Service.csproj", "{9C4C70E8-AD4D-4F2A-88D2-D06B5DBBE627}"
EndProject
Project("{FAE04EC0-301F-11D3-BF4B-00C04F79EFBC}") = "Market.Data", "Market.Data\Market.Data.csproj", "{CC14ADF3-F282-4CFB-9FCE-771FF5997E5C}"
EndProject
Project("{FAE04EC0-301F-11D3-BF4B-00C04F79EFBC}") = "Market.Domain", "Market.Domain\Market.Domain.csproj", "{5AE5BC10-E0A0-4C0B-B51E-E71E32BB5DBF}"
EndProject
Project("{FAE04EC0-301F-11D3-BF4B-00C04F79EFBC}") = "Market.ViewModel", "Market.ViewModel\Market.ViewModel.csproj", "{0A670ADE-F51B-4B47-96E1-765960F93993}"
EndProject
Global
	GlobalSection(SolutionConfigurationPlatforms) = preSolution
		Debug|Any CPU = Debug|Any CPU
		Release|Any CPU = Release|Any CPU
	EndGlobalSection
	GlobalSection(ProjectConfigurationPlatforms) = postSolution
		{6C435F98-BF42-47C1-9013-3B9D149699B8}.Debug|Any CPU.ActiveCfg = Debug|Any CPU
		{6C435F98-BF42-47C1-9013-3B9D149699B8}.Debug|Any CPU.Build.0 = Debug|Any CPU
		{6C435F98-BF42-47C1-9013-3B9D149699B8}.Release|Any CPU.ActiveCfg = Release|Any CPU
		{6C435F98-BF42-47C1-9013-3B9D149699B8}.Release|Any CPU.Build.0 = Release|Any CPU
		{9C4C70E8-AD4D-4F2A-88D2-D06B5DBBE627}.Debug|Any CPU.ActiveCfg = Debug|Any CPU
		{9C4C70E8-AD4D-4F2A-88D2-D06B5DBBE627}.Debug|Any CPU.Build.0 = Debug|Any CPU
		{9C4C70E8-AD4D-4F2A-88D2-D06B5DBBE627}.Release|Any CPU.ActiveCfg = Release|Any CPU
		{9C4C70E8-AD4D-4F2A-88D2-D06B5DBBE627}.Release|Any CPU.Build.0 = Release|Any CPU
		{CC14ADF3-F282-4CFB-9FCE-771FF5997E5C}.Debug|Any CPU.ActiveCfg = Debug|Any CPU
		{CC14ADF3-F282-4CFB-9FCE-771FF5997E5C}.Debug|Any CPU.Build.0 = Debug|Any CPU
		{CC14ADF3-F282-4CFB-9FCE-771FF5997E5C}.Release|Any CPU.ActiveCfg = Release|Any CPU
		{CC14ADF3-F282-4CFB-9FCE-771FF5997E5C}.Release|Any CPU.Build.0 = Release|Any CPU
		{5AE5BC10-E0A0-4C0B-B51E-E71E32BB5DBF}.Debug|Any CPU.ActiveCfg = Debug|Any CPU
		{5AE5BC10-E0A0-4C0B-B51E-E71E32BB5DBF}.Debug|Any CPU.Build.0 = Debug|Any CPU
		{5AE5BC10-E0A0-4C0B-B51E-E71E32BB5DBF}.Release|Any CPU.ActiveCfg = Release|Any CPU
		{5AE5BC10-E0A0-4C0B-B51E-E71E32BB5DBF}.Release|Any CPU.Build.0 = Release|Any CPU
		{0A670ADE-F51B-4B47-96E1-765960F93993}.Debug|Any CPU.ActiveCfg = Debug|Any CPU
		{0A670ADE-F51B-4B47-96E1-765960F93993}.Debug|Any CPU.Build.0 = Debug|Any CPU
		{0A670ADE-F51B-4B47-96E1-765960F93993}.Release|Any CPU.ActiveCfg = Release|Any CPU
		{0A670ADE-F51B-4B47-96E1-765960F93993}.Release|Any CPU.Build.0 = Release|Any CPU
	EndGlobalSection
	GlobalSection(SolutionProperties) = preSolution
		HideSolutionNode = FALSE
	EndGlobalSection
	GlobalSection(ExtensibilityGlobals) = postSolution
		SolutionGuid = {BA1F0B1C-704E-496D-9322-CACD18B92B5F}
	EndGlobalSection
EndGlobal
